
Microsoft Visual Studio Solution File, Format Version 12.00
# Visual Studio Version 17
VisualStudioVersion = 17.11.35327.3
MinimumVisualStudioVersion = 10.0.40219.1
Project("{FAE04EC0-301F-11D3-BF4B-00C04F79EFBC}") = "MauiCT_BUG1325_DrawingViewIsEnabled_Repro", "MauiCT_BUG1325_DrawingViewIsEnabled_Repro.csproj", "{D703AA5A-8711-4CE2-9127-B640D880373E}"
EndProject
Global
	GlobalSection(SolutionConfigurationPlatforms) = preSolution
		Debug|Any CPU = Debug|Any CPU
		Release|Any CPU = Release|Any CPU
	EndGlobalSection
	GlobalSection(ProjectConfigurationPlatforms) = postSolution
		{D703AA5A-8711-4CE2-9127-B640D880373E}.Debug|Any CPU.ActiveCfg = Debug|Any CPU
		{D703AA5A-8711-4CE2-9127-B640D880373E}.Debug|Any CPU.Build.0 = Debug|Any CPU
		{D703AA5A-8711-4CE2-9127-B640D880373E}.Debug|Any CPU.Deploy.0 = Debug|Any CPU
		{D703AA5A-8711-4CE2-9127-B640D880373E}.Release|Any CPU.ActiveCfg = Release|Any CPU
		{D703AA5A-8711-4CE2-9127-B640D880373E}.Release|Any CPU.Build.0 = Release|Any CPU
		{D703AA5A-8711-4CE2-9127-B640D880373E}.Release|Any CPU.Deploy.0 = Release|Any CPU
	EndGlobalSection
	GlobalSection(SolutionProperties) = preSolution
		HideSolutionNode = FALSE
	EndGlobalSection
	GlobalSection(ExtensibilityGlobals) = postSolution
		SolutionGuid = {092361D9-0B6F-4A10-A250-DE7762615591}
	EndGlobalSection
EndGlobal
